// !$*UTF8*$!
{
	archiveVersion = 1;
	classes = {
	};
	objectVersion = 46;
	objects = {

/* Begin PBXBuildFile section */
		3C101C5B1C981C550097505D /* AppDelegate.m in Sources */ = {isa = PBXBuildFile; fileRef = 3C101C4D1C981C550097505D /* AppDelegate.m */; };
		3C101C5C1C981C550097505D /* Assets.xcassets in Resources */ = {isa = PBXBuildFile; fileRef = 3C101C521C981C550097505D /* Assets.xcassets */; };
		3C101C5D1C981C550097505D /* Info.plist in Resources */ = {isa = PBXBuildFile; fileRef = 3C101C531C981C550097505D /* Info.plist */; };
		3C101C5E1C981C550097505D /* KSLolTool.xcdatamodeld in Sources */ = {isa = PBXBuildFile; fileRef = 3C101C541C981C550097505D /* KSLolTool.xcdatamodeld */; };
		3C101C5F1C981C550097505D /* LaunchScreen.storyboard in Resources */ = {isa = PBXBuildFile; fileRef = 3C101C561C981C550097505D /* LaunchScreen.storyboard */; };
		3C101C601C981C550097505D /* main.m in Sources */ = {isa = PBXBuildFile; fileRef = 3C101C571C981C550097505D /* main.m */; };
		3C101C631C981E3D0097505D /* KSTabBarController.m in Sources */ = {isa = PBXBuildFile; fileRef = 3C101C621C981E3D0097505D /* KSTabBarController.m */; };
		3C101C661C981F910097505D /* KSViewController.m in Sources */ = {isa = PBXBuildFile; fileRef = 3C101C651C981F910097505D /* KSViewController.m */; };
		3C101C681C981FBD0097505D /* startImage.png in Resources */ = {isa = PBXBuildFile; fileRef = 3C101C671C981FBD0097505D /* startImage.png */; };
		3C101C6B1C981FFE0097505D /* UIView+KSExtension.m in Sources */ = {isa = PBXBuildFile; fileRef = 3C101C6A1C981FFE0097505D /* UIView+KSExtension.m */; };
		3C101C6F1C98398E0097505D /* noDataImage.png in Resources */ = {isa = PBXBuildFile; fileRef = 3C101C6E1C98398E0097505D /* noDataImage.png */; };
		3C101C721C983BFE0097505D /* KSNavigationController.m in Sources */ = {isa = PBXBuildFile; fileRef = 3C101C711C983BFE0097505D /* KSNavigationController.m */; };
		3C101C751C983C6F0097505D /* UIBarButtonItem+KSExtension.m in Sources */ = {isa = PBXBuildFile; fileRef = 3C101C741C983C6F0097505D /* UIBarButtonItem+KSExtension.m */; };
		3C101C801C9844900097505D /* KSWikiDataController.m in Sources */ = {isa = PBXBuildFile; fileRef = 3C101C7D1C9844900097505D /* KSWikiDataController.m */; };
		3C101C831C98479A0097505D /* KSWikiDataModel.m in Sources */ = {isa = PBXBuildFile; fileRef = 3C101C821C98479A0097505D /* KSWikiDataModel.m */; };
		3C101C861C9847B80097505D /* KSWikiDataView.m in Sources */ = {isa = PBXBuildFile; fileRef = 3C101C851C9847B80097505D /* KSWikiDataView.m */; };
		3CF6DFC61C998A8400EE3A3B /* KSNewsHomeController.m in Sources */ = {isa = PBXBuildFile; fileRef = 3CF6DFC51C998A8400EE3A3B /* KSNewsHomeController.m */; };
		3CF6DFCC1C998D3300EE3A3B /* CollectionImageCell.m in Sources */ = {isa = PBXBuildFile; fileRef = 3CF6DFC91C998D3300EE3A3B /* CollectionImageCell.m */; };
		3CF6DFCD1C998D3300EE3A3B /* CollectionImageView.m in Sources */ = {isa = PBXBuildFile; fileRef = 3CF6DFCB1C998D3300EE3A3B /* CollectionImageView.m */; };
		3CF6DFD11C998D8900EE3A3B /* KSRequestTool.m in Sources */ = {isa = PBXBuildFile; fileRef = 3CF6DFD01C998D8900EE3A3B /* KSRequestTool.m */; };
		3CF6DFD41C999E0A00EE3A3B /* KSNewsHeaderModel.m in Sources */ = {isa = PBXBuildFile; fileRef = 3CF6DFD31C999E0A00EE3A3B /* KSNewsHeaderModel.m */; };
		3CF6DFDB1C9A4EC500EE3A3B /* KSWikiDataViewCell.m in Sources */ = {isa = PBXBuildFile; fileRef = 3CF6DFDA1C9A4EC500EE3A3B /* KSWikiDataViewCell.m */; };
		3CF6DFE51C9A792F00EE3A3B /* KSFirstWebController.m in Sources */ = {isa = PBXBuildFile; fileRef = 3CF6DFE41C9A792F00EE3A3B /* KSFirstWebController.m */; };
		3CF6DFE81C9A7FBD00EE3A3B /* KSBaseHtmlController.m in Sources */ = {isa = PBXBuildFile; fileRef = 3CF6DFE71C9A7FBD00EE3A3B /* KSBaseHtmlController.m */; };
		3CF6DFEC1C9A82A000EE3A3B /* KSCensusController.m in Sources */ = {isa = PBXBuildFile; fileRef = 3CF6DFEB1C9A82A000EE3A3B /* KSCensusController.m */; };
		87B852850EC2B43BBB6AE5E4 /* libPods-KSLolTool.a in Frameworks */ = {isa = PBXBuildFile; fileRef = 6EF1348ADEBA35E6EF3C3414 /* libPods-KSLolTool.a */; };
/* End PBXBuildFile section */

/* Begin PBXContainerItemProxy section */
		3C101C181C9817EF0097505D /* PBXContainerItemProxy */ = {
			isa = PBXContainerItemProxy;
			containerPortal = 3C101BF31C9817EF0097505D /* Project object */;
			proxyType = 1;
			remoteGlobalIDString = 3C101BFA1C9817EF0097505D;
			remoteInfo = KSLolTool;
		};
		3C101C231C9817EF0097505D /* PBXContainerItemProxy */ = {
			isa = PBXContainerItemProxy;
			containerPortal = 3C101BF31C9817EF0097505D /* Project object */;
			proxyType = 1;
			remoteGlobalIDString = 3C101BFA1C9817EF0097505D;
			remoteInfo = KSLolTool;
		};
/* End PBXContainerItemProxy section */

/* Begin PBXFileReference section */
		3C101BFB1C9817EF0097505D /* KSLolTool.app */ = {isa = PBXFileReference; explicitFileType = wrapper.application; includeInIndex = 0; path = KSLolTool.app; sourceTree = BUILT_PRODUCTS_DIR; };
		3C101C171C9817EF0097505D /* KSLolToolTests.xctest */ = {isa = PBXFileReference; explicitFileType = wrapper.cfbundle; includeInIndex = 0; path = KSLolToolTests.xctest; sourceTree = BUILT_PRODUCTS_DIR; };
		3C101C221C9817EF0097505D /* KSLolToolUITests.xctest */ = {isa = PBXFileReference; explicitFileType = wrapper.cfbundle; includeInIndex = 0; path = KSLolToolUITests.xctest; sourceTree = BUILT_PRODUCTS_DIR; };
		3C101C4C1C981C550097505D /* AppDelegate.h */ = {isa = PBXFileReference; fileEncoding = 4; lastKnownFileType = sourcecode.c.h; path = AppDelegate.h; sourceTree = "<group>"; };
		3C101C4D1C981C550097505D /* AppDelegate.m */ = {isa = PBXFileReference; fileEncoding = 4; lastKnownFileType = sourcecode.c.objc; path = AppDelegate.m; sourceTree = "<group>"; };
		3C101C521C981C550097505D /* Assets.xcassets */ = {isa = PBXFileReference; lastKnownFileType = folder.assetcatalog; path = Assets.xcassets; sourceTree = "<group>"; };
		3C101C531C981C550097505D /* Info.plist */ = {isa = PBXFileReference; fileEncoding = 4; lastKnownFileType = text.plist.xml; path = Info.plist; sourceTree = "<group>"; };
		3C101C551C981C550097505D /* KSLolTool.xcdatamodel */ = {isa = PBXFileReference; lastKnownFileType = wrapper.xcdatamodel; path = KSLolTool.xcdatamodel; sourceTree = "<group>"; };
		3C101C561C981C550097505D /* LaunchScreen.storyboard */ = {isa = PBXFileReference; fileEncoding = 4; lastKnownFileType = file.storyboard; path = LaunchScreen.storyboard; sourceTree = "<group>"; };
		3C101C571C981C550097505D /* main.m */ = {isa = PBXFileReference; fileEncoding = 4; lastKnownFileType = sourcecode.c.objc; path = main.m; sourceTree = "<group>"; };
		3C101C581C981C550097505D /* PrefixHeader.pch */ = {isa = PBXFileReference; fileEncoding = 4; lastKnownFileType = sourcecode.c.h; path = PrefixHeader.pch; sourceTree = "<group>"; };
		3C101C611C981E3D0097505D /* KSTabBarController.h */ = {isa = PBXFileReference; fileEncoding = 4; lastKnownFileType = sourcecode.c.h; path = KSTabBarController.h; sourceTree = "<group>"; };
		3C101C621C981E3D0097505D /* KSTabBarController.m */ = {isa = PBXFileReference; fileEncoding = 4; lastKnownFileType = sourcecode.c.objc; path = KSTabBarController.m; sourceTree = "<group>"; };
		3C101C641C981F910097505D /* KSViewController.h */ = {isa = PBXFileReference; fileEncoding = 4; lastKnownFileType = sourcecode.c.h; path = KSViewController.h; sourceTree = "<group>"; };
		3C101C651C981F910097505D /* KSViewController.m */ = {isa = PBXFileReference; fileEncoding = 4; lastKnownFileType = sourcecode.c.objc; path = KSViewController.m; sourceTree = "<group>"; };
		3C101C671C981FBD0097505D /* startImage.png */ = {isa = PBXFileReference; lastKnownFileType = image.png; path = startImage.png; sourceTree = "<group>"; };
		3C101C691C981FFE0097505D /* UIView+KSExtension.h */ = {isa = PBXFileReference; fileEncoding = 4; lastKnownFileType = sourcecode.c.h; path = "UIView+KSExtension.h"; sourceTree = "<group>"; };
		3C101C6A1C981FFE0097505D /* UIView+KSExtension.m */ = {isa = PBXFileReference; fileEncoding = 4; lastKnownFileType = sourcecode.c.objc; path = "UIView+KSExtension.m"; sourceTree = "<group>"; };
		3C101C6E1C98398E0097505D /* noDataImage.png */ = {isa = PBXFileReference; lastKnownFileType = image.png; path = noDataImage.png; sourceTree = "<group>"; };
		3C101C701C983BFE0097505D /* KSNavigationController.h */ = {isa = PBXFileReference; fileEncoding = 4; lastKnownFileType = sourcecode.c.h; path = KSNavigationController.h; sourceTree = "<group>"; };
		3C101C711C983BFE0097505D /* KSNavigationController.m */ = {isa = PBXFileReference; fileEncoding = 4; lastKnownFileType = sourcecode.c.objc; path = KSNavigationController.m; sourceTree = "<group>"; };
		3C101C731C983C6F0097505D /* UIBarButtonItem+KSExtension.h */ = {isa = PBXFileReference; fileEncoding = 4; lastKnownFileType = sourcecode.c.h; path = "UIBarButtonItem+KSExtension.h"; sourceTree = "<group>"; };
		3C101C741C983C6F0097505D /* UIBarButtonItem+KSExtension.m */ = {isa = PBXFileReference; fileEncoding = 4; lastKnownFileType = sourcecode.c.objc; path = "UIBarButtonItem+KSExtension.m"; sourceTree = "<group>"; };
		3C101C7C1C9844900097505D /* KSWikiDataController.h */ = {isa = PBXFileReference; fileEncoding = 4; lastKnownFileType = sourcecode.c.h; path = KSWikiDataController.h; sourceTree = "<group>"; };
		3C101C7D1C9844900097505D /* KSWikiDataController.m */ = {isa = PBXFileReference; fileEncoding = 4; lastKnownFileType = sourcecode.c.objc; path = KSWikiDataController.m; sourceTree = "<group>"; };
		3C101C811C98479A0097505D /* KSWikiDataModel.h */ = {isa = PBXFileReference; fileEncoding = 4; lastKnownFileType = sourcecode.c.h; path = KSWikiDataModel.h; sourceTree = "<group>"; };
		3C101C821C98479A0097505D /* KSWikiDataModel.m */ = {isa = PBXFileReference; fileEncoding = 4; lastKnownFileType = sourcecode.c.objc; path = KSWikiDataModel.m; sourceTree = "<group>"; };
		3C101C841C9847B80097505D /* KSWikiDataView.h */ = {isa = PBXFileReference; fileEncoding = 4; lastKnownFileType = sourcecode.c.h; path = KSWikiDataView.h; sourceTree = "<group>"; };
		3C101C851C9847B80097505D /* KSWikiDataView.m */ = {isa = PBXFileReference; fileEncoding = 4; lastKnownFileType = sourcecode.c.objc; path = KSWikiDataView.m; sourceTree = "<group>"; };
		3CF6DFC41C998A8400EE3A3B /* KSNewsHomeController.h */ = {isa = PBXFileReference; fileEncoding = 4; lastKnownFileType = sourcecode.c.h; path = KSNewsHomeController.h; sourceTree = "<group>"; };
		3CF6DFC51C998A8400EE3A3B /* KSNewsHomeController.m */ = {isa = PBXFileReference; fileEncoding = 4; lastKnownFileType = sourcecode.c.objc; path = KSNewsHomeController.m; sourceTree = "<group>"; };
		3CF6DFC81C998D3300EE3A3B /* CollectionImageCell.h */ = {isa = PBXFileReference; fileEncoding = 4; lastKnownFileType = sourcecode.c.h; path = CollectionImageCell.h; sourceTree = "<group>"; };
		3CF6DFC91C998D3300EE3A3B /* CollectionImageCell.m */ = {isa = PBXFileReference; fileEncoding = 4; lastKnownFileType = sourcecode.c.objc; path = CollectionImageCell.m; sourceTree = "<group>"; };
		3CF6DFCA1C998D3300EE3A3B /* CollectionImageView.h */ = {isa = PBXFileReference; fileEncoding = 4; lastKnownFileType = sourcecode.c.h; path = CollectionImageView.h; sourceTree = "<group>"; };
		3CF6DFCB1C998D3300EE3A3B /* CollectionImageView.m */ = {isa = PBXFileReference; fileEncoding = 4; lastKnownFileType = sourcecode.c.objc; path = CollectionImageView.m; sourceTree = "<group>"; };
		3CF6DFCF1C998D8900EE3A3B /* KSRequestTool.h */ = {isa = PBXFileReference; fileEncoding = 4; lastKnownFileType = sourcecode.c.h; path = KSRequestTool.h; sourceTree = "<group>"; };
		3CF6DFD01C998D8900EE3A3B /* KSRequestTool.m */ = {isa = PBXFileReference; fileEncoding = 4; lastKnownFileType = sourcecode.c.objc; path = KSRequestTool.m; sourceTree = "<group>"; };
		3CF6DFD21C999E0A00EE3A3B /* KSNewsHeaderModel.h */ = {isa = PBXFileReference; fileEncoding = 4; lastKnownFileType = sourcecode.c.h; path = KSNewsHeaderModel.h; sourceTree = "<group>"; };
		3CF6DFD31C999E0A00EE3A3B /* KSNewsHeaderModel.m */ = {isa = PBXFileReference; fileEncoding = 4; lastKnownFileType = sourcecode.c.objc; path = KSNewsHeaderModel.m; sourceTree = "<group>"; };
		3CF6DFD91C9A4EC500EE3A3B /* KSWikiDataViewCell.h */ = {isa = PBXFileReference; fileEncoding = 4; lastKnownFileType = sourcecode.c.h; path = KSWikiDataViewCell.h; sourceTree = "<group>"; };
		3CF6DFDA1C9A4EC500EE3A3B /* KSWikiDataViewCell.m */ = {isa = PBXFileReference; fileEncoding = 4; lastKnownFileType = sourcecode.c.objc; path = KSWikiDataViewCell.m; sourceTree = "<group>"; };
		3CF6DFE31C9A792F00EE3A3B /* KSFirstWebController.h */ = {isa = PBXFileReference; fileEncoding = 4; lastKnownFileType = sourcecode.c.h; path = KSFirstWebController.h; sourceTree = "<group>"; };
		3CF6DFE41C9A792F00EE3A3B /* KSFirstWebController.m */ = {isa = PBXFileReference; fileEncoding = 4; lastKnownFileType = sourcecode.c.objc; path = KSFirstWebController.m; sourceTree = "<group>"; };
		3CF6DFE61C9A7FBD00EE3A3B /* KSBaseHtmlController.h */ = {isa = PBXFileReference; fileEncoding = 4; lastKnownFileType = sourcecode.c.h; path = KSBaseHtmlController.h; sourceTree = "<group>"; };
		3CF6DFE71C9A7FBD00EE3A3B /* KSBaseHtmlController.m */ = {isa = PBXFileReference; fileEncoding = 4; lastKnownFileType = sourcecode.c.objc; path = KSBaseHtmlController.m; sourceTree = "<group>"; };
		3CF6DFEA1C9A82A000EE3A3B /* KSCensusController.h */ = {isa = PBXFileReference; fileEncoding = 4; lastKnownFileType = sourcecode.c.h; path = KSCensusController.h; sourceTree = "<group>"; };
		3CF6DFEB1C9A82A000EE3A3B /* KSCensusController.m */ = {isa = PBXFileReference; fileEncoding = 4; lastKnownFileType = sourcecode.c.objc; path = KSCensusController.m; sourceTree = "<group>"; };
		6EF1348ADEBA35E6EF3C3414 /* libPods-KSLolTool.a */ = {isa = PBXFileReference; explicitFileType = archive.ar; includeInIndex = 0; path = "libPods-KSLolTool.a"; sourceTree = BUILT_PRODUCTS_DIR; };
		75D7CFCB784621BDCDBE7DFD /* Pods-KSLolTool.release.xcconfig */ = {isa = PBXFileReference; includeInIndex = 1; lastKnownFileType = text.xcconfig; name = "Pods-KSLolTool.release.xcconfig"; path = "Pods/Target Support Files/Pods-KSLolTool/Pods-KSLolTool.release.xcconfig"; sourceTree = "<group>"; };
		F75D3C993964F309C2361833 /* Pods-KSLolTool.debug.xcconfig */ = {isa = PBXFileReference; includeInIndex = 1; lastKnownFileType = text.xcconfig; name = "Pods-KSLolTool.debug.xcconfig"; path = "Pods/Target Support Files/Pods-KSLolTool/Pods-KSLolTool.debug.xcconfig"; sourceTree = "<group>"; };
/* End PBXFileReference section */

/* Begin PBXFrameworksBuildPhase section */
		3C101BF81C9817EF0097505D /* Frameworks */ = {
			isa = PBXFrameworksBuildPhase;
			buildActionMask = 2147483647;
			files = (
				87B852850EC2B43BBB6AE5E4 /* libPods-KSLolTool.a in Frameworks */,
			);
			runOnlyForDeploymentPostprocessing = 0;
		};
		3C101C141C9817EF0097505D /* Frameworks */ = {
			isa = PBXFrameworksBuildPhase;
			buildActionMask = 2147483647;
			files = (
			);
			runOnlyForDeploymentPostprocessing = 0;
		};
		3C101C1F1C9817EF0097505D /* Frameworks */ = {
			isa = PBXFrameworksBuildPhase;
			buildActionMask = 2147483647;
			files = (
			);
			runOnlyForDeploymentPostprocessing = 0;
		};
/* End PBXFrameworksBuildPhase section */

/* Begin PBXGroup section */
		3C101BF21C9817EF0097505D = {
			isa = PBXGroup;
			children = (
				3C101BFD1C9817EF0097505D /* KSLolTool */,
				3C101BFC1C9817EF0097505D /* Products */,
				B2ECC35382E74FFC48AF4FEE /* Pods */,
				B07E22DF095A335331BE8F07 /* Frameworks */,
			);
			sourceTree = "<group>";
		};
		3C101BFC1C9817EF0097505D /* Products */ = {
			isa = PBXGroup;
			children = (
				3C101BFB1C9817EF0097505D /* KSLolTool.app */,
				3C101C171C9817EF0097505D /* KSLolToolTests.xctest */,
				3C101C221C9817EF0097505D /* KSLolToolUITests.xctest */,
			);
			name = Products;
			sourceTree = "<group>";
		};
		3C101BFD1C9817EF0097505D /* KSLolTool */ = {
			isa = PBXGroup;
			children = (
				3C101C4B1C981C550097505D /* App */,
				3C101C4E1C981C550097505D /* BaseClass */,
				3C101C4F1C981C550097505D /* Main */,
				3CF6DFBF1C998A5400EE3A3B /* News(新闻资讯) */,
				3C101C761C98426B0097505D /* WikiData（百科数据） */,
				3C101C501C981C550097505D /* Resources */,
				3C101C511C981C550097505D /* Supporting Files */,
				3C101C591C981C550097505D /* Tools */,
			);
			path = KSLolTool;
			sourceTree = "<group>";
		};
		3C101C4B1C981C550097505D /* App */ = {
			isa = PBXGroup;
			children = (
				3C101C4C1C981C550097505D /* AppDelegate.h */,
				3C101C4D1C981C550097505D /* AppDelegate.m */,
			);
			path = App;
			sourceTree = "<group>";
		};
		3C101C4E1C981C550097505D /* BaseClass */ = {
			isa = PBXGroup;
			children = (
				3CF6DFE61C9A7FBD00EE3A3B /* KSBaseHtmlController.h */,
				3CF6DFE71C9A7FBD00EE3A3B /* KSBaseHtmlController.m */,
				3C101C641C981F910097505D /* KSViewController.h */,
				3C101C651C981F910097505D /* KSViewController.m */,
			);
			path = BaseClass;
			sourceTree = "<group>";
		};
		3C101C4F1C981C550097505D /* Main */ = {
			isa = PBXGroup;
			children = (
				3C101C611C981E3D0097505D /* KSTabBarController.h */,
				3C101C621C981E3D0097505D /* KSTabBarController.m */,
				3C101C701C983BFE0097505D /* KSNavigationController.h */,
				3C101C711C983BFE0097505D /* KSNavigationController.m */,
			);
			path = Main;
			sourceTree = "<group>";
		};
		3C101C501C981C550097505D /* Resources */ = {
			isa = PBXGroup;
			children = (
				3C101C6E1C98398E0097505D /* noDataImage.png */,
				3C101C671C981FBD0097505D /* startImage.png */,
			);
			path = Resources;
			sourceTree = "<group>";
		};
		3C101C511C981C550097505D /* Supporting Files */ = {
			isa = PBXGroup;
			children = (
				3C101C521C981C550097505D /* Assets.xcassets */,
				3C101C531C981C550097505D /* Info.plist */,
				3C101C541C981C550097505D /* KSLolTool.xcdatamodeld */,
				3C101C561C981C550097505D /* LaunchScreen.storyboard */,
				3C101C571C981C550097505D /* main.m */,
				3C101C581C981C550097505D /* PrefixHeader.pch */,
			);
			path = "Supporting Files";
			sourceTree = "<group>";
		};
		3C101C591C981C550097505D /* Tools */ = {
			isa = PBXGroup;
			children = (
				3CF6DFC71C998D3300EE3A3B /* CollectionView封装 */,
				3C101C5A1C981C550097505D /* Categorys */,
				3CF6DFCE1C998D7000EE3A3B /* HttpTool */,
				3CF6DFDF1C9A77BA00EE3A3B /* WebControllerTool */,
			);
			path = Tools;
			sourceTree = "<group>";
		};
		3C101C5A1C981C550097505D /* Categorys */ = {
			isa = PBXGroup;
			children = (
				3C101C731C983C6F0097505D /* UIBarButtonItem+KSExtension.h */,
				3C101C741C983C6F0097505D /* UIBarButtonItem+KSExtension.m */,
				3C101C691C981FFE0097505D /* UIView+KSExtension.h */,
				3C101C6A1C981FFE0097505D /* UIView+KSExtension.m */,
			);
			path = Categorys;
			sourceTree = "<group>";
		};
		3C101C761C98426B0097505D /* WikiData（百科数据） */ = {
			isa = PBXGroup;
			children = (
				3C101C7A1C9844900097505D /* WikiHome */,
				3CF6DFE91C9A828800EE3A3B /* Census */,
			);
			path = "WikiData（百科数据）";
			sourceTree = "<group>";
		};
		3C101C7A1C9844900097505D /* WikiHome */ = {
			isa = PBXGroup;
			children = (
				3C101C7B1C9844900097505D /* Controller */,
				3C101C7E1C9844900097505D /* Model */,
				3C101C7F1C9844900097505D /* View */,
			);
			path = WikiHome;
			sourceTree = "<group>";
		};
		3C101C7B1C9844900097505D /* Controller */ = {
			isa = PBXGroup;
			children = (
				3C101C7C1C9844900097505D /* KSWikiDataController.h */,
				3C101C7D1C9844900097505D /* KSWikiDataController.m */,
			);
			path = Controller;
			sourceTree = "<group>";
		};
		3C101C7E1C9844900097505D /* Model */ = {
			isa = PBXGroup;
			children = (
				3C101C811C98479A0097505D /* KSWikiDataModel.h */,
				3C101C821C98479A0097505D /* KSWikiDataModel.m */,
			);
			path = Model;
			sourceTree = "<group>";
		};
		3C101C7F1C9844900097505D /* View */ = {
			isa = PBXGroup;
			children = (
				3C101C841C9847B80097505D /* KSWikiDataView.h */,
				3C101C851C9847B80097505D /* KSWikiDataView.m */,
				3CF6DFD91C9A4EC500EE3A3B /* KSWikiDataViewCell.h */,
				3CF6DFDA1C9A4EC500EE3A3B /* KSWikiDataViewCell.m */,
			);
			path = View;
			sourceTree = "<group>";
		};
		3CF6DFBF1C998A5400EE3A3B /* News(新闻资讯) */ = {
			isa = PBXGroup;
			children = (
				3CF6DFC01C998A5400EE3A3B /* NewsHome */,
			);
			path = "News(新闻资讯)";
			sourceTree = "<group>";
		};
		3CF6DFC01C998A5400EE3A3B /* NewsHome */ = {
			isa = PBXGroup;
			children = (
				3CF6DFC11C998A5400EE3A3B /* Controller */,
				3CF6DFC21C998A5400EE3A3B /* Model */,
				3CF6DFC31C998A5400EE3A3B /* View */,
			);
			path = NewsHome;
			sourceTree = "<group>";
		};
		3CF6DFC11C998A5400EE3A3B /* Controller */ = {
			isa = PBXGroup;
			children = (
				3CF6DFC41C998A8400EE3A3B /* KSNewsHomeController.h */,
				3CF6DFC51C998A8400EE3A3B /* KSNewsHomeController.m */,
			);
			path = Controller;
			sourceTree = "<group>";
		};
		3CF6DFC21C998A5400EE3A3B /* Model */ = {
			isa = PBXGroup;
			children = (
				3CF6DFD21C999E0A00EE3A3B /* KSNewsHeaderModel.h */,
				3CF6DFD31C999E0A00EE3A3B /* KSNewsHeaderModel.m */,
			);
			path = Model;
			sourceTree = "<group>";
		};
		3CF6DFC31C998A5400EE3A3B /* View */ = {
			isa = PBXGroup;
			children = (
			);
			path = View;
			sourceTree = "<group>";
		};
		3CF6DFC71C998D3300EE3A3B /* CollectionView封装 */ = {
			isa = PBXGroup;
			children = (
				3CF6DFC81C998D3300EE3A3B /* CollectionImageCell.h */,
				3CF6DFC91C998D3300EE3A3B /* CollectionImageCell.m */,
				3CF6DFCA1C998D3300EE3A3B /* CollectionImageView.h */,
				3CF6DFCB1C998D3300EE3A3B /* CollectionImageView.m */,
			);
			path = "CollectionView封装";
			sourceTree = "<group>";
		};
		3CF6DFCE1C998D7000EE3A3B /* HttpTool */ = {
			isa = PBXGroup;
			children = (
				3CF6DFCF1C998D8900EE3A3B /* KSRequestTool.h */,
				3CF6DFD01C998D8900EE3A3B /* KSRequestTool.m */,
			);
			path = HttpTool;
			sourceTree = "<group>";
		};
		3CF6DFDF1C9A77BA00EE3A3B /* WebControllerTool */ = {
			isa = PBXGroup;
			children = (
				3CF6DFE31C9A792F00EE3A3B /* KSFirstWebController.h */,
				3CF6DFE41C9A792F00EE3A3B /* KSFirstWebController.m */,
			);
			path = WebControllerTool;
			sourceTree = "<group>";
		};
		3CF6DFE91C9A828800EE3A3B /* Census */ = {
			isa = PBXGroup;
			children = (
				3CF6DFEA1C9A82A000EE3A3B /* KSCensusController.h */,
				3CF6DFEB1C9A82A000EE3A3B /* KSCensusController.m */,
			);
			path = Census;
			sourceTree = "<group>";
		};
		B07E22DF095A335331BE8F07 /* Frameworks */ = {
			isa = PBXGroup;
			children = (
				6EF1348ADEBA35E6EF3C3414 /* libPods-KSLolTool.a */,
			);
			name = Frameworks;
			sourceTree = "<group>";
		};
		B2ECC35382E74FFC48AF4FEE /* Pods */ = {
			isa = PBXGroup;
			children = (
				F75D3C993964F309C2361833 /* Pods-KSLolTool.debug.xcconfig */,
				75D7CFCB784621BDCDBE7DFD /* Pods-KSLolTool.release.xcconfig */,
			);
			name = Pods;
			sourceTree = "<group>";
		};
/* End PBXGroup section */

/* Begin PBXNativeTarget section */
		3C101BFA1C9817EF0097505D /* KSLolTool */ = {
			isa = PBXNativeTarget;
			buildConfigurationList = 3C101C2B1C9817EF0097505D /* Build configuration list for PBXNativeTarget "KSLolTool" */;
			buildPhases = (
				AAB15CB997B9D105DA8EE09B /* Check Pods Manifest.lock */,
				3C101BF71C9817EF0097505D /* Sources */,
				3C101BF81C9817EF0097505D /* Frameworks */,
				3C101BF91C9817EF0097505D /* Resources */,
				37DFDE8607937F54D5F0D63C /* Embed Pods Frameworks */,
				F420524710B8583BC48CB2EC /* Copy Pods Resources */,
			);
			buildRules = (
			);
			dependencies = (
			);
			name = KSLolTool;
			productName = KSLolTool;
			productReference = 3C101BFB1C9817EF0097505D /* KSLolTool.app */;
			productType = "com.apple.product-type.application";
		};
		3C101C161C9817EF0097505D /* KSLolToolTests */ = {
			isa = PBXNativeTarget;
			buildConfigurationList = 3C101C2E1C9817EF0097505D /* Build configuration list for PBXNativeTarget "KSLolToolTests" */;
			buildPhases = (
				3C101C131C9817EF0097505D /* Sources */,
				3C101C141C9817EF0097505D /* Frameworks */,
				3C101C151C9817EF0097505D /* Resources */,
			);
			buildRules = (
			);
			dependencies = (
				3C101C191C9817EF0097505D /* PBXTargetDependency */,
			);
			name = KSLolToolTests;
			productName = KSLolToolTests;
			productReference = 3C101C171C9817EF0097505D /* KSLolToolTests.xctest */;
			productType = "com.apple.product-type.bundle.unit-test";
		};
		3C101C211C9817EF0097505D /* KSLolToolUITests */ = {
			isa = PBXNativeTarget;
			buildConfigurationList = 3C101C311C9817EF0097505D /* Build configuration list for PBXNativeTarget "KSLolToolUITests" */;
			buildPhases = (
				3C101C1E1C9817EF0097505D /* Sources */,
				3C101C1F1C9817EF0097505D /* Frameworks */,
				3C101C201C9817EF0097505D /* Resources */,
			);
			buildRules = (
			);
			dependencies = (
				3C101C241C9817EF0097505D /* PBXTargetDependency */,
			);
			name = KSLolToolUITests;
			productName = KSLolToolUITests;
			productReference = 3C101C221C9817EF0097505D /* KSLolToolUITests.xctest */;
			productType = "com.apple.product-type.bundle.ui-testing";
		};
/* End PBXNativeTarget section */

/* Begin PBXProject section */
		3C101BF31C9817EF0097505D /* Project object */ = {
			isa = PBXProject;
			attributes = {
				CLASSPREFIX = KS;
				LastUpgradeCheck = 0720;
				ORGANIZATIONNAME = "https://github.com/shijinliang, http://blog.csdn.net/sjl_leaf";
				TargetAttributes = {
					3C101BFA1C9817EF0097505D = {
						CreatedOnToolsVersion = 7.2.1;
					};
					3C101C161C9817EF0097505D = {
						CreatedOnToolsVersion = 7.2.1;
						TestTargetID = 3C101BFA1C9817EF0097505D;
					};
					3C101C211C9817EF0097505D = {
						CreatedOnToolsVersion = 7.2.1;
						TestTargetID = 3C101BFA1C9817EF0097505D;
					};
				};
			};
			buildConfigurationList = 3C101BF61C9817EF0097505D /* Build configuration list for PBXProject "KSLolTool" */;
			compatibilityVersion = "Xcode 3.2";
			developmentRegion = English;
			hasScannedForEncodings = 0;
			knownRegions = (
				en,
				Base,
			);
			mainGroup = 3C101BF21C9817EF0097505D;
			productRefGroup = 3C101BFC1C9817EF0097505D /* Products */;
			projectDirPath = "";
			projectRoot = "";
			targets = (
				3C101BFA1C9817EF0097505D /* KSLolTool */,
				3C101C161C9817EF0097505D /* KSLolToolTests */,
				3C101C211C9817EF0097505D /* KSLolToolUITests */,
			);
		};
/* End PBXProject section */

/* Begin PBXResourcesBuildPhase section */
		3C101BF91C9817EF0097505D /* Resources */ = {
			isa = PBXResourcesBuildPhase;
			buildActionMask = 2147483647;
			files = (
				3C101C5F1C981C550097505D /* LaunchScreen.storyboard in Resources */,
				3C101C6F1C98398E0097505D /* noDataImage.png in Resources */,
				3C101C5D1C981C550097505D /* Info.plist in Resources */,
				3C101C681C981FBD0097505D /* startImage.png in Resources */,
				3C101C5C1C981C550097505D /* Assets.xcassets in Resources */,
			);
			runOnlyForDeploymentPostprocessing = 0;
		};
		3C101C151C9817EF0097505D /* Resources */ = {
			isa = PBXResourcesBuildPhase;
			buildActionMask = 2147483647;
			files = (
			);
			runOnlyForDeploymentPostprocessing = 0;
		};
		3C101C201C9817EF0097505D /* Resources */ = {
			isa = PBXResourcesBuildPhase;
			buildActionMask = 2147483647;
			files = (
			);
			runOnlyForDeploymentPostprocessing = 0;
		};
/* End PBXResourcesBuildPhase section */

/* Begin PBXShellScriptBuildPhase section */
		37DFDE8607937F54D5F0D63C /* Embed Pods Frameworks */ = {
			isa = PBXShellScriptBuildPhase;
			buildActionMask = 2147483647;
			files = (
			);
			inputPaths = (
			);
			name = "Embed Pods Frameworks";
			outputPaths = (
			);
			runOnlyForDeploymentPostprocessing = 0;
			shellPath = /bin/sh;
			shellScript = "\"${SRCROOT}/Pods/Target Support Files/Pods-KSLolTool/Pods-KSLolTool-frameworks.sh\"\n";
			showEnvVarsInLog = 0;
		};
		AAB15CB997B9D105DA8EE09B /* Check Pods Manifest.lock */ = {
			isa = PBXShellScriptBuildPhase;
			buildActionMask = 2147483647;
			files = (
			);
			inputPaths = (
			);
			name = "Check Pods Manifest.lock";
			outputPaths = (
			);
			runOnlyForDeploymentPostprocessing = 0;
			shellPath = /bin/sh;
			shellScript = "diff \"${PODS_ROOT}/../Podfile.lock\" \"${PODS_ROOT}/Manifest.lock\" > /dev/null\nif [[ $? != 0 ]] ; then\n    cat << EOM\nerror: The sandbox is not in sync with the Podfile.lock. Run 'pod install' or update your CocoaPods installation.\nEOM\n    exit 1\nfi\n";
			showEnvVarsInLog = 0;
		};
		F420524710B8583BC48CB2EC /* Copy Pods Resources */ = {
			isa = PBXShellScriptBuildPhase;
			buildActionMask = 2147483647;
			files = (
			);
			inputPaths = (
			);
			name = "Copy Pods Resources";
			outputPaths = (
			);
			runOnlyForDeploymentPostprocessing = 0;
			shellPath = /bin/sh;
			shellScript = "\"${SRCROOT}/Pods/Target Support Files/Pods-KSLolTool/Pods-KSLolTool-resources.sh\"\n";
			showEnvVarsInLog = 0;
		};
/* End PBXShellScriptBuildPhase section */

/* Begin PBXSourcesBuildPhase section */
		3C101BF71C9817EF0097505D /* Sources */ = {
			isa = PBXSourcesBuildPhase;
			buildActionMask = 2147483647;
			files = (
				3C101C721C983BFE0097505D /* KSNavigationController.m in Sources */,
				3C101C6B1C981FFE0097505D /* UIView+KSExtension.m in Sources */,
				3C101C5B1C981C550097505D /* AppDelegate.m in Sources */,
				3CF6DFD41C999E0A00EE3A3B /* KSNewsHeaderModel.m in Sources */,
				3C101C831C98479A0097505D /* KSWikiDataModel.m in Sources */,
				3CF6DFDB1C9A4EC500EE3A3B /* KSWikiDataViewCell.m in Sources */,
				3CF6DFC61C998A8400EE3A3B /* KSNewsHomeController.m in Sources */,
				3C101C631C981E3D0097505D /* KSTabBarController.m in Sources */,
				3CF6DFD11C998D8900EE3A3B /* KSRequestTool.m in Sources */,
				3C101C751C983C6F0097505D /* UIBarButtonItem+KSExtension.m in Sources */,
				3C101C801C9844900097505D /* KSWikiDataController.m in Sources */,
				3CF6DFCC1C998D3300EE3A3B /* CollectionImageCell.m in Sources */,
				3CF6DFE81C9A7FBD00EE3A3B /* KSBaseHtmlController.m in Sources */,
				3CF6DFE51C9A792F00EE3A3B /* KSFirstWebController.m in Sources */,
				3CF6DFCD1C998D3300EE3A3B /* CollectionImageView.m in Sources */,
				3C101C601C981C550097505D /* main.m in Sources */,
				3C101C5E1C981C550097505D /* KSLolTool.xcdatamodeld in Sources */,
				3C101C861C9847B80097505D /* KSWikiDataView.m in Sources */,
				3CF6DFEC1C9A82A000EE3A3B /* KSCensusController.m in Sources */,
				3C101C661C981F910097505D /* KSViewController.m in Sources */,
			);
			runOnlyForDeploymentPostprocessing = 0;
		};
		3C101C131C9817EF0097505D /* Sources */ = {
			isa = PBXSourcesBuildPhase;
			buildActionMask = 2147483647;
			files = (
			);
			runOnlyForDeploymentPostprocessing = 0;
		};
		3C101C1E1C9817EF0097505D /* Sources */ = {
			isa = PBXSourcesBuildPhase;
			buildActionMask = 2147483647;
			files = (
			);
			runOnlyForDeploymentPostprocessing = 0;
		};
/* End PBXSourcesBuildPhase section */

/* Begin PBXTargetDependency section */
		3C101C191C9817EF0097505D /* PBXTargetDependency */ = {
			isa = PBXTargetDependency;
			target = 3C101BFA1C9817EF0097505D /* KSLolTool */;
			targetProxy = 3C101C181C9817EF0097505D /* PBXContainerItemProxy */;
		};
		3C101C241C9817EF0097505D /* PBXTargetDependency */ = {
			isa = PBXTargetDependency;
			target = 3C101BFA1C9817EF0097505D /* KSLolTool */;
			targetProxy = 3C101C231C9817EF0097505D /* PBXContainerItemProxy */;
		};
/* End PBXTargetDependency section */

/* Begin XCBuildConfiguration section */
		3C101C291C9817EF0097505D /* Debug */ = {
			isa = XCBuildConfiguration;
			buildSettings = {
				ALWAYS_SEARCH_USER_PATHS = NO;
				CLANG_CXX_LANGUAGE_STANDARD = "gnu++0x";
				CLANG_CXX_LIBRARY = "libc++";
				CLANG_ENABLE_MODULES = YES;
				CLANG_ENABLE_OBJC_ARC = YES;
				CLANG_WARN_BOOL_CONVERSION = YES;
				CLANG_WARN_CONSTANT_CONVERSION = YES;
				CLANG_WARN_DIRECT_OBJC_ISA_USAGE = YES_ERROR;
				CLANG_WARN_EMPTY_BODY = YES;
				CLANG_WARN_ENUM_CONVERSION = YES;
				CLANG_WARN_INT_CONVERSION = YES;
				CLANG_WARN_OBJC_ROOT_CLASS = YES_ERROR;
				CLANG_WARN_UNREACHABLE_CODE = YES;
				CLANG_WARN__DUPLICATE_METHOD_MATCH = YES;
				"CODE_SIGN_IDENTITY[sdk=iphoneos*]" = "iPhone Developer";
				COPY_PHASE_STRIP = NO;
				DEBUG_INFORMATION_FORMAT = dwarf;
				ENABLE_STRICT_OBJC_MSGSEND = YES;
				ENABLE_TESTABILITY = YES;
				GCC_C_LANGUAGE_STANDARD = gnu99;
				GCC_DYNAMIC_NO_PIC = NO;
				GCC_NO_COMMON_BLOCKS = YES;
				GCC_OPTIMIZATION_LEVEL = 0;
				GCC_PREPROCESSOR_DEFINITIONS = (
					"DEBUG=1",
					"$(inherited)",
				);
				GCC_WARN_64_TO_32_BIT_CONVERSION = YES;
				GCC_WARN_ABOUT_RETURN_TYPE = YES_ERROR;
				GCC_WARN_UNDECLARED_SELECTOR = YES;
				GCC_WARN_UNINITIALIZED_AUTOS = YES_AGGRESSIVE;
				GCC_WARN_UNUSED_FUNCTION = YES;
				GCC_WARN_UNUSED_VARIABLE = YES;
				IPHONEOS_DEPLOYMENT_TARGET = 9.2;
				MTL_ENABLE_DEBUG_INFO = YES;
				ONLY_ACTIVE_ARCH = YES;
				SDKROOT = iphoneos;
			};
			name = Debug;
		};
		3C101C2A1C9817EF0097505D /* Release */ = {
			isa = XCBuildConfiguration;
			buildSettings = {
				ALWAYS_SEARCH_USER_PATHS = NO;
				CLANG_CXX_LANGUAGE_STANDARD = "gnu++0x";
				CLANG_CXX_LIBRARY = "libc++";
				CLANG_ENABLE_MODULES = YES;
				CLANG_ENABLE_OBJC_ARC = YES;
				CLANG_WARN_BOOL_CONVERSION = YES;
				CLANG_WARN_CONSTANT_CONVERSION = YES;
				CLANG_WARN_DIRECT_OBJC_ISA_USAGE = YES_ERROR;
				CLANG_WARN_EMPTY_BODY = YES;
				CLANG_WARN_ENUM_CONVERSION = YES;
				CLANG_WARN_INT_CONVERSION = YES;
				CLANG_WARN_OBJC_ROOT_CLASS = YES_ERROR;
				CLANG_WARN_UNREACHABLE_CODE = YES;
				CLANG_WARN__DUPLICATE_METHOD_MATCH = YES;
				"CODE_SIGN_IDENTITY[sdk=iphoneos*]" = "iPhone Developer";
				COPY_PHASE_STRIP = NO;
				DEBUG_INFORMATION_FORMAT = "dwarf-with-dsym";
				ENABLE_NS_ASSERTIONS = NO;
				ENABLE_STRICT_OBJC_MSGSEND = YES;
				GCC_C_LANGUAGE_STANDARD = gnu99;
				GCC_NO_COMMON_BLOCKS = YES;
				GCC_WARN_64_TO_32_BIT_CONVERSION = YES;
				GCC_WARN_ABOUT_RETURN_TYPE = YES_ERROR;
				GCC_WARN_UNDECLARED_SELECTOR = YES;
				GCC_WARN_UNINITIALIZED_AUTOS = YES_AGGRESSIVE;
				GCC_WARN_UNUSED_FUNCTION = YES;
				GCC_WARN_UNUSED_VARIABLE = YES;
				IPHONEOS_DEPLOYMENT_TARGET = 9.2;
				MTL_ENABLE_DEBUG_INFO = NO;
				SDKROOT = iphoneos;
				VALIDATE_PRODUCT = YES;
			};
			name = Release;
		};
		3C101C2C1C9817EF0097505D /* Debug */ = {
			isa = XCBuildConfiguration;
			baseConfigurationReference = F75D3C993964F309C2361833 /* Pods-KSLolTool.debug.xcconfig */;
			buildSettings = {
				ASSETCATALOG_COMPILER_APPICON_NAME = AppIcon;
				ASSETCATALOG_COMPILER_LAUNCHIMAGE_NAME = LaunchImage;
				GCC_PREFIX_HEADER = "$(SRCROOT)/KSLolTool/Supporting Files/PrefixHeader.pch";
				INFOPLIST_FILE = "$(SRCROOT)/KSLolTool/Supporting Files/Info.plist";
				IPHONEOS_DEPLOYMENT_TARGET = 8.0;
				LD_RUNPATH_SEARCH_PATHS = "$(inherited) @executable_path/Frameworks";
				PRODUCT_BUNDLE_IDENTIFIER = com.kamyShi.KSLolTool;
				PRODUCT_NAME = "$(TARGET_NAME)";
				WARNING_CFLAGS = "-Wno-format";
			};
			name = Debug;
		};
		3C101C2D1C9817EF0097505D /* Release */ = {
			isa = XCBuildConfiguration;
			baseConfigurationReference = 75D7CFCB784621BDCDBE7DFD /* Pods-KSLolTool.release.xcconfig */;
			buildSettings = {
				ASSETCATALOG_COMPILER_APPICON_NAME = AppIcon;
				ASSETCATALOG_COMPILER_LAUNCHIMAGE_NAME = LaunchImage;
				GCC_PREFIX_HEADER = "$(SRCROOT)/KSLolTool/Supporting Files/PrefixHeader.pch";
				INFOPLIST_FILE = "$(SRCROOT)/KSLolTool/Supporting Files/Info.plist";
				IPHONEOS_DEPLOYMENT_TARGET = 8.0;
				LD_RUNPATH_SEARCH_PATHS = "$(inherited) @executable_path/Frameworks";
				PRODUCT_BUNDLE_IDENTIFIER = com.kamyShi.KSLolTool;
				PRODUCT_NAME = "$(TARGET_NAME)";
				WARNING_CFLAGS = "-Wno-format";
			};
			name = Release;
		};
		3C101C2F1C9817EF0097505D /* Debug */ = {
			isa = XCBuildConfiguration;
			buildSettings = {
				BUNDLE_LOADER = "$(TEST_HOST)";
				INFOPLIST_FILE = KSLolToolTests/Info.plist;
				LD_RUNPATH_SEARCH_PATHS = "$(inherited) @executable_path/Frameworks @loader_path/Frameworks";
				PRODUCT_BUNDLE_IDENTIFIER = com.kamyShi.KSLolToolTests;
				PRODUCT_NAME = "$(TARGET_NAME)";
				TEST_HOST = "$(BUILT_PRODUCTS_DIR)/KSLolTool.app/KSLolTool";
			};
			name = Debug;
		};
		3C101C301C9817EF0097505D /* Release */ = {
			isa = XCBuildConfiguration;
			buildSettings = {
				BUNDLE_LOADER = "$(TEST_HOST)";
				INFOPLIST_FILE = KSLolToolTests/Info.plist;
				LD_RUNPATH_SEARCH_PATHS = "$(inherited) @executable_path/Frameworks @loader_path/Frameworks";
				PRODUCT_BUNDLE_IDENTIFIER = com.kamyShi.KSLolToolTests;
				PRODUCT_NAME = "$(TARGET_NAME)";
				TEST_HOST = "$(BUILT_PRODUCTS_DIR)/KSLolTool.app/KSLolTool";
			};
			name = Release;
		};
		3C101C321C9817EF0097505D /* Debug */ = {
			isa = XCBuildConfiguration;
			buildSettings = {
				INFOPLIST_FILE = KSLolToolUITests/Info.plist;
				LD_RUNPATH_SEARCH_PATHS = "$(inherited) @executable_path/Frameworks @loader_path/Frameworks";
				PRODUCT_BUNDLE_IDENTIFIER = com.kamyShi.KSLolToolUITests;
				PRODUCT_NAME = "$(TARGET_NAME)";
				TEST_TARGET_NAME = KSLolTool;
				USES_XCTRUNNER = YES;
			};
			name = Debug;
		};
		3C101C331C9817EF0097505D /* Release */ = {
			isa = XCBuildConfiguration;
			buildSettings = {
				INFOPLIST_FILE = KSLolToolUITests/Info.plist;
				LD_RUNPATH_SEARCH_PATHS = "$(inherited) @executable_path/Frameworks @loader_path/Frameworks";
				PRODUCT_BUNDLE_IDENTIFIER = com.kamyShi.KSLolToolUITests;
				PRODUCT_NAME = "$(TARGET_NAME)";
				TEST_TARGET_NAME = KSLolTool;
				USES_XCTRUNNER = YES;
			};
			name = Release;
		};
/* End XCBuildConfiguration section */

/* Begin XCConfigurationList section */
		3C101BF61C9817EF0097505D /* Build configuration list for PBXProject "KSLolTool" */ = {
			isa = XCConfigurationList;
			buildConfigurations = (
				3C101C291C9817EF0097505D /* Debug */,
				3C101C2A1C9817EF0097505D /* Release */,
			);
			defaultConfigurationIsVisible = 0;
			defaultConfigurationName = Release;
		};
		3C101C2B1C9817EF0097505D /* Build configuration list for PBXNativeTarget "KSLolTool" */ = {
			isa = XCConfigurationList;
			buildConfigurations = (
				3C101C2C1C9817EF0097505D /* Debug */,
				3C101C2D1C9817EF0097505D /* Release */,
			);
			defaultConfigurationIsVisible = 0;
			defaultConfigurationName = Release;
		};
		3C101C2E1C9817EF0097505D /* Build configuration list for PBXNativeTarget "KSLolToolTests" */ = {
			isa = XCConfigurationList;
			buildConfigurations = (
				3C101C2F1C9817EF0097505D /* Debug */,
				3C101C301C9817EF0097505D /* Release */,
			);
			defaultConfigurationIsVisible = 0;
			defaultConfigurationName = Release;
		};
		3C101C311C9817EF0097505D /* Build configuration list for PBXNativeTarget "KSLolToolUITests" */ = {
			isa = XCConfigurationList;
			buildConfigurations = (
				3C101C321C9817EF0097505D /* Debug */,
				3C101C331C9817EF0097505D /* Release */,
			);
			defaultConfigurationIsVisible = 0;
			defaultConfigurationName = Release;
		};
/* End XCConfigurationList section */

/* Begin XCVersionGroup section */
		3C101C541C981C550097505D /* KSLolTool.xcdatamodeld */ = {
			isa = XCVersionGroup;
			children = (
				3C101C551C981C550097505D /* KSLolTool.xcdatamodel */,
			);
			currentVersion = 3C101C551C981C550097505D /* KSLolTool.xcdatamodel */;
			path = KSLolTool.xcdatamodeld;
			sourceTree = "<group>";
			versionGroupType = wrapper.xcdatamodel;
		};
/* End XCVersionGroup section */
	};
	rootObject = 3C101BF31C9817EF0097505D /* Project object */;
}
